
Microsoft Visual Studio Solution File, Format Version 12.00
# Visual Studio Version 17
VisualStudioVersion = 17.4.33110.190
MinimumVisualStudioVersion = 10.0.40219.1
Project("{FAE04EC0-301F-11D3-BF4B-00C04F79EFBC}") = "WebApplication1", "WebApplication1\WebApplication1.csproj", "{D828B5E3-AAF6-4F7E-A82F-2E0C7693A9AD}"
EndProject
Global
	GlobalSection(SolutionConfigurationPlatforms) = preSolution
		Debug|Any CPU = Debug|Any CPU
		Release|Any CPU = Release|Any CPU
	EndGlobalSection
	GlobalSection(ProjectConfigurationPlatforms) = postSolution
		{D828B5E3-AAF6-4F7E-A82F-2E0C7693A9AD}.Debug|Any CPU.ActiveCfg = Debug|Any CPU
		{D828B5E3-AAF6-4F7E-A82F-2E0C7693A9AD}.Debug|Any CPU.Build.0 = Debug|Any CPU
		{D828B5E3-AAF6-4F7E-A82F-2E0C7693A9AD}.Release|Any CPU.ActiveCfg = Release|Any CPU
		{D828B5E3-AAF6-4F7E-A82F-2E0C7693A9AD}.Release|Any CPU.Build.0 = Release|Any CPU
	EndGlobalSection
	GlobalSection(SolutionProperties) = preSolution
		HideSolutionNode = FALSE
	EndGlobalSection
	GlobalSection(ExtensibilityGlobals) = postSolution
		SolutionGuid = {7B3D269E-0D70-4133-8314-423AB322FFC1}
	EndGlobalSection
EndGlobal
